
Microsoft Visual Studio Solution File, Format Version 12.00
# Visual Studio Version 16
VisualStudioVersion = 16.0.29411.108
MinimumVisualStudioVersion = 10.0.40219.1
Project("{FAE04EC0-301F-11D3-BF4B-00C04F79EFBC}") = "ACM.BL", "ACM.BL\ACM.BL.csproj", "{834C5B50-81DD-45F9-9E95-0E93E71780AB}"
EndProject
Project("{2150E333-8FDC-42A3-9474-1A3956D46DE8}") = "Tests", "Tests", "{7D41C599-18DD-4344-9761-D699095BE43D}"
EndProject
Project("{FAE04EC0-301F-11D3-BF4B-00C04F79EFBC}") = "ACM.BLTest", "Tests\ACM.BLTest\ACM.BLTest.csproj", "{5E4162B8-9F08-4995-95C3-4D4864637A5E}"
EndProject
Global
	GlobalSection(SolutionConfigurationPlatforms) = preSolution
		Debug|Any CPU = Debug|Any CPU
		Release|Any CPU = Release|Any CPU
	EndGlobalSection
	GlobalSection(ProjectConfigurationPlatforms) = postSolution
		{834C5B50-81DD-45F9-9E95-0E93E71780AB}.Debug|Any CPU.ActiveCfg = Debug|Any CPU
		{834C5B50-81DD-45F9-9E95-0E93E71780AB}.Debug|Any CPU.Build.0 = Debug|Any CPU
		{834C5B50-81DD-45F9-9E95-0E93E71780AB}.Release|Any CPU.ActiveCfg = Release|Any CPU
		{834C5B50-81DD-45F9-9E95-0E93E71780AB}.Release|Any CPU.Build.0 = Release|Any CPU
		{5E4162B8-9F08-4995-95C3-4D4864637A5E}.Debug|Any CPU.ActiveCfg = Debug|Any CPU
		{5E4162B8-9F08-4995-95C3-4D4864637A5E}.Debug|Any CPU.Build.0 = Debug|Any CPU
		{5E4162B8-9F08-4995-95C3-4D4864637A5E}.Release|Any CPU.ActiveCfg = Release|Any CPU
		{5E4162B8-9F08-4995-95C3-4D4864637A5E}.Release|Any CPU.Build.0 = Release|Any CPU
	EndGlobalSection
	GlobalSection(SolutionProperties) = preSolution
		HideSolutionNode = FALSE
	EndGlobalSection
	GlobalSection(NestedProjects) = preSolution
		{5E4162B8-9F08-4995-95C3-4D4864637A5E} = {7D41C599-18DD-4344-9761-D699095BE43D}
	EndGlobalSection
	GlobalSection(ExtensibilityGlobals) = postSolution
		SolutionGuid = {44FB3F84-C971-4592-9343-13CDD24974D0}
	EndGlobalSection
EndGlobal
